// !$*UTF8*$!
{
	archiveVersion = 1;
	classes = {
	};
	objectVersion = 46;
	objects = {

/* Begin PBXBuildFile section */
		E98D65A31AF6511C0021550C /* AppDelegate.swift in Sources */ = {isa = PBXBuildFile; fileRef = E98D65A21AF6511C0021550C /* AppDelegate.swift */; };
		E98D65A51AF6511C0021550C /* ViewController.swift in Sources */ = {isa = PBXBuildFile; fileRef = E98D65A41AF6511C0021550C /* ViewController.swift */; };
		E98D65A81AF6511C0021550C /* Main.storyboard in Resources */ = {isa = PBXBuildFile; fileRef = E98D65A61AF6511C0021550C /* Main.storyboard */; };
		E98D65AA1AF6511C0021550C /* Images.xcassets in Resources */ = {isa = PBXBuildFile; fileRef = E98D65A91AF6511C0021550C /* Images.xcassets */; };
		E98D65AD1AF6511C0021550C /* LaunchScreen.xib in Resources */ = {isa = PBXBuildFile; fileRef = E98D65AB1AF6511C0021550C /* LaunchScreen.xib */; };
		E98D65B91AF6511C0021550C /* Practive_0503Tests.swift in Sources */ = {isa = PBXBuildFile; fileRef = E98D65B81AF6511C0021550C /* Practive_0503Tests.swift */; };
/* End PBXBuildFile section */

/* Begin PBXContainerItemProxy section */
		E98D65B31AF6511C0021550C /* PBXContainerItemProxy */ = {
			isa = PBXContainerItemProxy;
			containerPortal = E98D65951AF6511C0021550C /* Project object */;
			proxyType = 1;
			remoteGlobalIDString = E98D659C1AF6511C0021550C;
			remoteInfo = Practive_0503;
		};
/* End PBXContainerItemProxy section */

/* Begin PBXFileReference section */
		E98D659D1AF6511C0021550C /* Practive_0503.app */ = {isa = PBXFileReference; explicitFileType = wrapper.application; includeInIndex = 0; path = Practive_0503.app; sourceTree = BUILT_PRODUCTS_DIR; };
		E98D65A11AF6511C0021550C /* Info.plist */ = {isa = PBXFileReference; lastKnownFileType = text.plist.xml; path = Info.plist; sourceTree = "<group>"; };
		E98D65A21AF6511C0021550C /* AppDelegate.swift */ = {isa = PBXFileReference; lastKnownFileType = sourcecode.swift; path = AppDelegate.swift; sourceTree = "<group>"; };
		E98D65A41AF6511C0021550C /* ViewController.swift */ = {isa = PBXFileReference; lastKnownFileType = sourcecode.swift; path = ViewController.swift; sourceTree = "<group>"; };
		E98D65A71AF6511C0021550C /* Base */ = {isa = PBXFileReference; lastKnownFileType = file.storyboard; name = Base; path = Base.lproj/Main.storyboard; sourceTree = "<group>"; };
		E98D65A91AF6511C0021550C /* Images.xcassets */ = {isa = PBXFileReference; lastKnownFileType = folder.assetcatalog; path = Images.xcassets; sourceTree = "<group>"; };
		E98D65AC1AF6511C0021550C /* Base */ = {isa = PBXFileReference; lastKnownFileType = file.xib; name = Base; path = Base.lproj/LaunchScreen.xib; sourceTree = "<group>"; };
		E98D65B21AF6511C0021550C /* Practive_0503Tests.xctest */ = {isa = PBXFileReference; explicitFileType = wrapper.cfbundle; includeInIndex = 0; path = Practive_0503Tests.xctest; sourceTree = BUILT_PRODUCTS_DIR; };
		E98D65B71AF6511C0021550C /* Info.plist */ = {isa = PBXFileReference; lastKnownFileType = text.plist.xml; path = Info.plist; sourceTree = "<group>"; };
		E98D65B81AF6511C0021550C /* Practive_0503Tests.swift */ = {isa = PBXFileReference; lastKnownFileType = sourcecode.swift; path = Practive_0503Tests.swift; sourceTree = "<group>"; };
/* End PBXFileReference section */

/* Begin PBXFrameworksBuildPhase section */
		E98D659A1AF6511C0021550C /* Frameworks */ = {
			isa = PBXFrameworksBuildPhase;
			buildActionMask = 2147483647;
			files = (
			);
			runOnlyForDeploymentPostprocessing = 0;
		};
		E98D65AF1AF6511C0021550C /* Frameworks */ = {
			isa = PBXFrameworksBuildPhase;
			buildActionMask = 2147483647;
			files = (
			);
			runOnlyForDeploymentPostprocessing = 0;
		};
/* End PBXFrameworksBuildPhase section */

/* Begin PBXGroup section */
		E98D65941AF6511C0021550C = {
			isa = PBXGroup;
			children = (
				E98D659F1AF6511C0021550C /* Practive_0503 */,
				E98D65B51AF6511C0021550C /* Practive_0503Tests */,
				E98D659E1AF6511C0021550C /* Products */,
			);
			sourceTree = "<group>";
		};
		E98D659E1AF6511C0021550C /* Products */ = {
			isa = PBXGroup;
			children = (
				E98D659D1AF6511C0021550C /* Practive_0503.app */,
				E98D65B21AF6511C0021550C /* Practive_0503Tests.xctest */,
			);
			name = Products;
			sourceTree = "<group>";
		};
		E98D659F1AF6511C0021550C /* Practive_0503 */ = {
			isa = PBXGroup;
			children = (
				E98D65A21AF6511C0021550C /* AppDelegate.swift */,
				E98D65A41AF6511C0021550C /* ViewController.swift */,
				E98D65A61AF6511C0021550C /* Main.storyboard */,
				E98D65A91AF6511C0021550C /* Images.xcassets */,
				E98D65AB1AF6511C0021550C /* LaunchScreen.xib */,
				E98D65A01AF6511C0021550C /* Supporting Files */,
			);
			path = Practive_0503;
			sourceTree = "<group>";
		};
		E98D65A01AF6511C0021550C /* Supporting Files */ = {
			isa = PBXGroup;
			children = (
				E98D65A11AF6511C0021550C /* Info.plist */,
			);
			name = "Supporting Files";
			sourceTree = "<group>";
		};
		E98D65B51AF6511C0021550C /* Practive_0503Tests */ = {
			isa = PBXGroup;
			children = (
				E98D65B81AF6511C0021550C /* Practive_0503Tests.swift */,
				E98D65B61AF6511C0021550C /* Supporting Files */,
			);
			path = Practive_0503Tests;
			sourceTree = "<group>";
		};
		E98D65B61AF6511C0021550C /* Supporting Files */ = {
			isa = PBXGroup;
			children = (
				E98D65B71AF6511C0021550C /* Info.plist */,
			);
			name = "Supporting Files";
			sourceTree = "<group>";
		};
/* End PBXGroup section */

/* Begin PBXNativeTarget section */
		E98D659C1AF6511C0021550C /* Practive_0503 */ = {
			isa = PBXNativeTarget;
			buildConfigurationList = E98D65BC1AF6511C0021550C /* Build configuration list for PBXNativeTarget "Practive_0503" */;
			buildPhases = (
				E98D65991AF6511C0021550C /* Sources */,
				E98D659A1AF6511C0021550C /* Frameworks */,
				E98D659B1AF6511C0021550C /* Resources */,
			);
			buildRules = (
			);
			dependencies = (
			);
			name = Practive_0503;
			productName = Practive_0503;
			productReference = E98D659D1AF6511C0021550C /* Practive_0503.app */;
			productType = "com.apple.product-type.application";
		};
		E98D65B11AF6511C0021550C /* Practive_0503Tests */ = {
			isa = PBXNativeTarget;
			buildConfigurationList = E98D65BF1AF6511C0021550C /* Build configuration list for PBXNativeTarget "Practive_0503Tests" */;
			buildPhases = (
				E98D65AE1AF6511C0021550C /* Sources */,
				E98D65AF1AF6511C0021550C /* Frameworks */,
				E98D65B01AF6511C0021550C /* Resources */,
			);
			buildRules = (
			);
			dependencies = (
				E98D65B41AF6511C0021550C /* PBXTargetDependency */,
			);
			name = Practive_0503Tests;
			productName = Practive_0503Tests;
			productReference = E98D65B21AF6511C0021550C /* Practive_0503Tests.xctest */;
			productType = "com.apple.product-type.bundle.unit-test";
		};
/* End PBXNativeTarget section */

/* Begin PBXProject section */
		E98D65951AF6511C0021550C /* Project object */ = {
			isa = PBXProject;
			attributes = {
				LastUpgradeCheck = 0630;
				ORGANIZATIONNAME = MIMURAAKIRA;
				TargetAttributes = {
					E98D659C1AF6511C0021550C = {
						CreatedOnToolsVersion = 6.3;
					};
					E98D65B11AF6511C0021550C = {
						CreatedOnToolsVersion = 6.3;
						TestTargetID = E98D659C1AF6511C0021550C;
					};
				};
			};
			buildConfigurationList = E98D65981AF6511C0021550C /* Build configuration list for PBXProject "Practive_0503" */;
			compatibilityVersion = "Xcode 3.2";
			developmentRegion = English;
			hasScannedForEncodings = 0;
			knownRegions = (
				en,
				Base,
			);
			mainGroup = E98D65941AF6511C0021550C;
			productRefGroup = E98D659E1AF6511C0021550C /* Products */;
			projectDirPath = "";
			projectRoot = "";
			targets = (
				E98D659C1AF6511C0021550C /* Practive_0503 */,
				E98D65B11AF6511C0021550C /* Practive_0503Tests */,
			);
		};
/* End PBXProject section */

/* Begin PBXResourcesBuildPhase section */
		E98D659B1AF6511C0021550C /* Resources */ = {
			isa = PBXResourcesBuildPhase;
			buildActionMask = 2147483647;
			files = (
				E98D65A81AF6511C0021550C /* Main.storyboard in Resources */,
				E98D65AD1AF6511C0021550C /* LaunchScreen.xib in Resources */,
				E98D65AA1AF6511C0021550C /* Images.xcassets in Resources */,
			);
			runOnlyForDeploymentPostprocessing = 0;
		};
		E98D65B01AF6511C0021550C /* Resources */ = {
			isa = PBXResourcesBuildPhase;
			buildActionMask = 2147483647;
			files = (
			);
			runOnlyForDeploymentPostprocessing = 0;
		};
/* End PBXResourcesBuildPhase section */

/* Begin PBXSourcesBuildPhase section */
		E98D65991AF6511C0021550C /* Sources */ = {
			isa = PBXSourcesBuildPhase;
			buildActionMask = 2147483647;
			files = (
				E98D65A51AF6511C0021550C /* ViewController.swift in Sources */,
				E98D65A31AF6511C0021550C /* AppDelegate.swift in Sources */,
			);
			runOnlyForDeploymentPostprocessing = 0;
		};
		E98D65AE1AF6511C0021550C /* Sources */ = {
			isa = PBXSourcesBuildPhase;
			buildActionMask = 2147483647;
			files = (
				E98D65B91AF6511C0021550C /* Practive_0503Tests.swift in Sources */,
			);
			runOnlyForDeploymentPostprocessing = 0;
		};
/* End PBXSourcesBuildPhase section */

/* Begin PBXTargetDependency section */
		E98D65B41AF6511C0021550C /* PBXTargetDependency */ = {
			isa = PBXTargetDependency;
			target = E98D659C1AF6511C0021550C /* Practive_0503 */;
			targetProxy = E98D65B31AF6511C0021550C /* PBXContainerItemProxy */;
		};
/* End PBXTargetDependency section */

/* Begin PBXVariantGroup section */
		E98D65A61AF6511C0021550C /* Main.storyboard */ = {
			isa = PBXVariantGroup;
			children = (
				E98D65A71AF6511C0021550C /* Base */,
			);
			name = Main.storyboard;
			sourceTree = "<group>";
		};
		E98D65AB1AF6511C0021550C /* LaunchScreen.xib */ = {
			isa = PBXVariantGroup;
			children = (
				E98D65AC1AF6511C0021550C /* Base */,
			);
			name = LaunchScreen.xib;
			sourceTree = "<group>";
		};
/* End PBXVariantGroup section */

/* Begin XCBuildConfiguration section */
		E98D65BA1AF6511C0021550C /* Debug */ = {
			isa = XCBuildConfiguration;
			buildSettings = {
				ALWAYS_SEARCH_USER_PATHS = NO;
				CLANG_CXX_LANGUAGE_STANDARD = "gnu++0x";
				CLANG_CXX_LIBRARY = "libc++";
				CLANG_ENABLE_MODULES = YES;
				CLANG_ENABLE_OBJC_ARC = YES;
				CLANG_WARN_BOOL_CONVERSION = YES;
				CLANG_WARN_CONSTANT_CONVERSION = YES;
				CLANG_WARN_DIRECT_OBJC_ISA_USAGE = YES_ERROR;
				CLANG_WARN_EMPTY_BODY = YES;
				CLANG_WARN_ENUM_CONVERSION = YES;
				CLANG_WARN_INT_CONVERSION = YES;
				CLANG_WARN_OBJC_ROOT_CLASS = YES_ERROR;
				CLANG_WARN_UNREACHABLE_CODE = YES;
				CLANG_WARN__DUPLICATE_METHOD_MATCH = YES;
				"CODE_SIGN_IDENTITY[sdk=iphoneos*]" = "iPhone Developer";
				COPY_PHASE_STRIP = NO;
				DEBUG_INFORMATION_FORMAT = "dwarf-with-dsym";
				ENABLE_STRICT_OBJC_MSGSEND = YES;
				GCC_C_LANGUAGE_STANDARD = gnu99;
				GCC_DYNAMIC_NO_PIC = NO;
				GCC_NO_COMMON_BLOCKS = YES;
				GCC_OPTIMIZATION_LEVEL = 0;
				GCC_PREPROCESSOR_DEFINITIONS = (
					"DEBUG=1",
					"$(inherited)",
				);
				GCC_SYMBOLS_PRIVATE_EXTERN = NO;
				GCC_WARN_64_TO_32_BIT_CONVERSION = YES;
				GCC_WARN_ABOUT_RETURN_TYPE = YES_ERROR;
				GCC_WARN_UNDECLARED_SELECTOR = YES;
				GCC_WARN_UNINITIALIZED_AUTOS = YES_AGGRESSIVE;
				GCC_WARN_UNUSED_FUNCTION = YES;
				GCC_WARN_UNUSED_VARIABLE = YES;
				IPHONEOS_DEPLOYMENT_TARGET = 8.3;
				MTL_ENABLE_DEBUG_INFO = YES;
				ONLY_ACTIVE_ARCH = YES;
				SDKROOT = iphoneos;
				SWIFT_OPTIMIZATION_LEVEL = "-Onone";
				TARGETED_DEVICE_FAMILY = "1,2";
			};
			name = Debug;
		};
		E98D65BB1AF6511C0021550C /* Release */ = {
			isa = XCBuildConfiguration;
			buildSettings = {
				ALWAYS_SEARCH_USER_PATHS = NO;
				CLANG_CXX_LANGUAGE_STANDARD = "gnu++0x";
				CLANG_CXX_LIBRARY = "libc++";
				CLANG_ENABLE_MODULES = YES;
				CLANG_ENABLE_OBJC_ARC = YES;
				CLANG_WARN_BOOL_CONVERSION = YES;
				CLANG_WARN_CONSTANT_CONVERSION = YES;
				CLANG_WARN_DIRECT_OBJC_ISA_USAGE = YES_ERROR;
				CLANG_WARN_EMPTY_BODY = YES;
				CLANG_WARN_ENUM_CONVERSION = YES;
				CLANG_WARN_INT_CONVERSION = YES;
				CLANG_WARN_OBJC_ROOT_CLASS = YES_ERROR;
				CLANG_WARN_UNREACHABLE_CODE = YES;
				CLANG_WARN__DUPLICATE_METHOD_MATCH = YES;
				"CODE_SIGN_IDENTITY[sdk=iphoneos*]" = "iPhone Developer";
				COPY_PHASE_STRIP = NO;
				DEBUG_INFORMATION_FORMAT = "dwarf-with-dsym";
				ENABLE_NS_ASSERTIONS = NO;
				ENABLE_STRICT_OBJC_MSGSEND = YES;
				GCC_C_LANGUAGE_STANDARD = gnu99;
				GCC_NO_COMMON_BLOCKS = YES;
				GCC_WARN_64_TO_32_BIT_CONVERSION = YES;
				GCC_WARN_ABOUT_RETURN_TYPE = YES_ERROR;
				GCC_WARN_UNDECLARED_SELECTOR = YES;
				GCC_WARN_UNINITIALIZED_AUTOS = YES_AGGRESSIVE;
				GCC_WARN_UNUSED_FUNCTION = YES;
				GCC_WARN_UNUSED_VARIABLE = YES;
				IPHONEOS_DEPLOYMENT_TARGET = 8.3;
				MTL_ENABLE_DEBUG_INFO = NO;
				SDKROOT = iphoneos;
				TARGETED_DEVICE_FAMILY = "1,2";
				VALIDATE_PRODUCT = YES;
			};
			name = Release;
		};
		E98D65BD1AF6511C0021550C /* Debug */ = {
			isa = XCBuildConfiguration;
			buildSettings = {
				ASSETCATALOG_COMPILER_APPICON_NAME = AppIcon;
				INFOPLIST_FILE = Practive_0503/Info.plist;
				LD_RUNPATH_SEARCH_PATHS = "$(inherited) @executable_path/Frameworks";
				PRODUCT_NAME = "$(TARGET_NAME)";
			};
			name = Debug;
		};
		E98D65BE1AF6511C0021550C /* Release */ = {
			isa = XCBuildConfiguration;
			buildSettings = {
				ASSETCATALOG_COMPILER_APPICON_NAME = AppIcon;
				INFOPLIST_FILE = Practive_0503/Info.plist;
				LD_RUNPATH_SEARCH_PATHS = "$(inherited) @executable_path/Frameworks";
				PRODUCT_NAME = "$(TARGET_NAME)";
			};
			name = Release;
		};
		E98D65C01AF6511C0021550C /* Debug */ = {
			isa = XCBuildConfiguration;
			buildSettings = {
				BUNDLE_LOADER = "$(TEST_HOST)";
				FRAMEWORK_SEARCH_PATHS = (
					"$(SDKROOT)/Developer/Library/Frameworks",
					"$(inherited)",
				);
				GCC_PREPROCESSOR_DEFINITIONS = (
					"DEBUG=1",
					"$(inherited)",
				);
				INFOPLIST_FILE = Practive_0503Tests/Info.plist;
				LD_RUNPATH_SEARCH_PATHS = "$(inherited) @executable_path/Frameworks @loader_path/Frameworks";
				PRODUCT_NAME = "$(TARGET_NAME)";
				TEST_HOST = "$(BUILT_PRODUCTS_DIR)/Practive_0503.app/Practive_0503";
			};
			name = Debug;
		};
		E98D65C11AF6511C0021550C /* Release */ = {
			isa = XCBuildConfiguration;
			buildSettings = {
				BUNDLE_LOADER = "$(TEST_HOST)";
				FRAMEWORK_SEARCH_PATHS = (
					"$(SDKROOT)/Developer/Library/Frameworks",
					"$(inherited)",
				);
				INFOPLIST_FILE = Practive_0503Tests/Info.plist;
				LD_RUNPATH_SEARCH_PATHS = "$(inherited) @executable_path/Frameworks @loader_path/Frameworks";
				PRODUCT_NAME = "$(TARGET_NAME)";
				TEST_HOST = "$(BUILT_PRODUCTS_DIR)/Practive_0503.app/Practive_0503";
			};
			name = Release;
		};
/* End XCBuildConfiguration section */

/* Begin XCConfigurationList section */
		E98D65981AF6511C0021550C /* Build configuration list for PBXProject "Practive_0503" */ = {
			isa = XCConfigurationList;
			buildConfigurations = (
				E98D65BA1AF6511C0021550C /* Debug */,
				E98D65BB1AF6511C0021550C /* Release */,
			);
			defaultConfigurationIsVisible = 0;
			defaultConfigurationName = Release;
		};
		E98D65BC1AF6511C0021550C /* Build configuration list for PBXNativeTarget "Practive_0503" */ = {
			isa = XCConfigurationList;
			buildConfigurations = (
				E98D65BD1AF6511C0021550C /* Debug */,
				E98D65BE1AF6511C0021550C /* Release */,
			);
			defaultConfigurationIsVisible = 0;
		};
		E98D65BF1AF6511C0021550C /* Build configuration list for PBXNativeTarget "Practive_0503Tests" */ = {
			isa = XCConfigurationList;
			buildConfigurations = (
				E98D65C01AF6511C0021550C /* Debug */,
				E98D65C11AF6511C0021550C /* Release */,
			);
			defaultConfigurationIsVisible = 0;
		};
/* End XCConfigurationList section */
	};
	rootObject = E98D65951AF6511C0021550C /* Project object */;
}
